// !$*UTF8*$!
{
	archiveVersion = 1;
	classes = {
	};
	objectVersion = 46;
	objects = {

/* Begin PBXBuildFile section */
		F13ED5D81DDED4E000F8DFF3 /* main.m in Sources */ = {isa = PBXBuildFile; fileRef = F13ED5D71DDED4E000F8DFF3 /* main.m */; };
		F13ED5DB1DDED4E000F8DFF3 /* AppDelegate.m in Sources */ = {isa = PBXBuildFile; fileRef = F13ED5DA1DDED4E000F8DFF3 /* AppDelegate.m */; };
		F13ED5DE1DDED4E000F8DFF3 /* ViewController.m in Sources */ = {isa = PBXBuildFile; fileRef = F13ED5DD1DDED4E000F8DFF3 /* ViewController.m */; };
		F13ED5E11DDED4E000F8DFF3 /* Main.storyboard in Resources */ = {isa = PBXBuildFile; fileRef = F13ED5DF1DDED4E000F8DFF3 /* Main.storyboard */; };
		F13ED5E31DDED4E000F8DFF3 /* Assets.xcassets in Resources */ = {isa = PBXBuildFile; fileRef = F13ED5E21DDED4E000F8DFF3 /* Assets.xcassets */; };
		F13ED5E61DDED4E000F8DFF3 /* LaunchScreen.storyboard in Resources */ = {isa = PBXBuildFile; fileRef = F13ED5E41DDED4E000F8DFF3 /* LaunchScreen.storyboard */; };
		F13ED5F01DDED51900F8DFF3 /* VReuseScrollView.m in Sources */ = {isa = PBXBuildFile; fileRef = F13ED5EF1DDED51900F8DFF3 /* VReuseScrollView.m */; };
		F13ED5F31DDED56000F8DFF3 /* PageView.m in Sources */ = {isa = PBXBuildFile; fileRef = F13ED5F21DDED56000F8DFF3 /* PageView.m */; };
/* End PBXBuildFile section */

/* Begin PBXFileReference section */
		F13ED5D31DDED4E000F8DFF3 /* ReuseScrollView.app */ = {isa = PBXFileReference; explicitFileType = wrapper.application; includeInIndex = 0; path = ReuseScrollView.app; sourceTree = BUILT_PRODUCTS_DIR; };
		F13ED5D71DDED4E000F8DFF3 /* main.m */ = {isa = PBXFileReference; lastKnownFileType = sourcecode.c.objc; path = main.m; sourceTree = "<group>"; };
		F13ED5D91DDED4E000F8DFF3 /* AppDelegate.h */ = {isa = PBXFileReference; lastKnownFileType = sourcecode.c.h; path = AppDelegate.h; sourceTree = "<group>"; };
		F13ED5DA1DDED4E000F8DFF3 /* AppDelegate.m */ = {isa = PBXFileReference; lastKnownFileType = sourcecode.c.objc; path = AppDelegate.m; sourceTree = "<group>"; };
		F13ED5DC1DDED4E000F8DFF3 /* ViewController.h */ = {isa = PBXFileReference; lastKnownFileType = sourcecode.c.h; path = ViewController.h; sourceTree = "<group>"; };
		F13ED5DD1DDED4E000F8DFF3 /* ViewController.m */ = {isa = PBXFileReference; lastKnownFileType = sourcecode.c.objc; path = ViewController.m; sourceTree = "<group>"; };
		F13ED5E01DDED4E000F8DFF3 /* Base */ = {isa = PBXFileReference; lastKnownFileType = file.storyboard; name = Base; path = Base.lproj/Main.storyboard; sourceTree = "<group>"; };
		F13ED5E21DDED4E000F8DFF3 /* Assets.xcassets */ = {isa = PBXFileReference; lastKnownFileType = folder.assetcatalog; path = Assets.xcassets; sourceTree = "<group>"; };
		F13ED5E51DDED4E000F8DFF3 /* Base */ = {isa = PBXFileReference; lastKnownFileType = file.storyboard; name = Base; path = Base.lproj/LaunchScreen.storyboard; sourceTree = "<group>"; };
		F13ED5E71DDED4E000F8DFF3 /* Info.plist */ = {isa = PBXFileReference; lastKnownFileType = text.plist.xml; path = Info.plist; sourceTree = "<group>"; };
		F13ED5EE1DDED51900F8DFF3 /* VReuseScrollView.h */ = {isa = PBXFileReference; fileEncoding = 4; lastKnownFileType = sourcecode.c.h; path = VReuseScrollView.h; sourceTree = "<group>"; };
		F13ED5EF1DDED51900F8DFF3 /* VReuseScrollView.m */ = {isa = PBXFileReference; fileEncoding = 4; lastKnownFileType = sourcecode.c.objc; path = VReuseScrollView.m; sourceTree = "<group>"; };
		F13ED5F11DDED56000F8DFF3 /* PageView.h */ = {isa = PBXFileReference; fileEncoding = 4; lastKnownFileType = sourcecode.c.h; path = PageView.h; sourceTree = "<group>"; };
		F13ED5F21DDED56000F8DFF3 /* PageView.m */ = {isa = PBXFileReference; fileEncoding = 4; lastKnownFileType = sourcecode.c.objc; path = PageView.m; sourceTree = "<group>"; };
/* End PBXFileReference section */

/* Begin PBXFrameworksBuildPhase section */
		F13ED5D01DDED4E000F8DFF3 /* Frameworks */ = {
			isa = PBXFrameworksBuildPhase;
			buildActionMask = 2147483647;
			files = (
			);
			runOnlyForDeploymentPostprocessing = 0;
		};
/* End PBXFrameworksBuildPhase section */

/* Begin PBXGroup section */
		F13ED5CA1DDED4E000F8DFF3 = {
			isa = PBXGroup;
			children = (
				F13ED5D51DDED4E000F8DFF3 /* ReuseScrollView */,
				F13ED5D41DDED4E000F8DFF3 /* Products */,
			);
			sourceTree = "<group>";
		};
		F13ED5D41DDED4E000F8DFF3 /* Products */ = {
			isa = PBXGroup;
			children = (
				F13ED5D31DDED4E000F8DFF3 /* ReuseScrollView.app */,
			);
			name = Products;
			sourceTree = "<group>";
		};
		F13ED5D51DDED4E000F8DFF3 /* ReuseScrollView */ = {
			isa = PBXGroup;
			children = (
				F13ED5ED1DDED50400F8DFF3 /* ReuseScrollView */,
				F13ED5D91DDED4E000F8DFF3 /* AppDelegate.h */,
				F13ED5DA1DDED4E000F8DFF3 /* AppDelegate.m */,
				F13ED5DC1DDED4E000F8DFF3 /* ViewController.h */,
				F13ED5DD1DDED4E000F8DFF3 /* ViewController.m */,
				F13ED5F11DDED56000F8DFF3 /* PageView.h */,
				F13ED5F21DDED56000F8DFF3 /* PageView.m */,
				F13ED5DF1DDED4E000F8DFF3 /* Main.storyboard */,
				F13ED5E21DDED4E000F8DFF3 /* Assets.xcassets */,
				F13ED5E41DDED4E000F8DFF3 /* LaunchScreen.storyboard */,
				F13ED5E71DDED4E000F8DFF3 /* Info.plist */,
				F13ED5D61DDED4E000F8DFF3 /* Supporting Files */,
			);
			path = ReuseScrollView;
			sourceTree = "<group>";
		};
		F13ED5D61DDED4E000F8DFF3 /* Supporting Files */ = {
			isa = PBXGroup;
			children = (
				F13ED5D71DDED4E000F8DFF3 /* main.m */,
			);
			name = "Supporting Files";
			sourceTree = "<group>";
		};
		F13ED5ED1DDED50400F8DFF3 /* ReuseScrollView */ = {
			isa = PBXGroup;
			children = (
				F13ED5EE1DDED51900F8DFF3 /* VReuseScrollView.h */,
				F13ED5EF1DDED51900F8DFF3 /* VReuseScrollView.m */,
			);
			path = ReuseScrollView;
			sourceTree = "<group>";
		};
/* End PBXGroup section */

/* Begin PBXNativeTarget section */
		F13ED5D21DDED4E000F8DFF3 /* ReuseScrollView */ = {
			isa = PBXNativeTarget;
			buildConfigurationList = F13ED5EA1DDED4E000F8DFF3 /* Build configuration list for PBXNativeTarget "ReuseScrollView" */;
			buildPhases = (
				F13ED5CF1DDED4E000F8DFF3 /* Sources */,
				F13ED5D01DDED4E000F8DFF3 /* Frameworks */,
				F13ED5D11DDED4E000F8DFF3 /* Resources */,
			);
			buildRules = (
			);
			dependencies = (
			);
			name = ReuseScrollView;
			productName = ReuseScrollView;
			productReference = F13ED5D31DDED4E000F8DFF3 /* ReuseScrollView.app */;
			productType = "com.apple.product-type.application";
		};
/* End PBXNativeTarget section */

/* Begin PBXProject section */
		F13ED5CB1DDED4E000F8DFF3 /* Project object */ = {
			isa = PBXProject;
			attributes = {
				LastUpgradeCheck = 0810;
				ORGANIZATIONNAME = vols;
				TargetAttributes = {
					F13ED5D21DDED4E000F8DFF3 = {
						CreatedOnToolsVersion = 8.1;
						ProvisioningStyle = Automatic;
					};
				};
			};
			buildConfigurationList = F13ED5CE1DDED4E000F8DFF3 /* Build configuration list for PBXProject "ReuseScrollView" */;
			compatibilityVersion = "Xcode 3.2";
			developmentRegion = English;
			hasScannedForEncodings = 0;
			knownRegions = (
				en,
				Base,
			);
			mainGroup = F13ED5CA1DDED4E000F8DFF3;
			productRefGroup = F13ED5D41DDED4E000F8DFF3 /* Products */;
			projectDirPath = "";
			projectRoot = "";
			targets = (
				F13ED5D21DDED4E000F8DFF3 /* ReuseScrollView */,
			);
		};
/* End PBXProject section */

/* Begin PBXResourcesBuildPhase section */
		F13ED5D11DDED4E000F8DFF3 /* Resources */ = {
			isa = PBXResourcesBuildPhase;
			buildActionMask = 2147483647;
			files = (
				F13ED5E61DDED4E000F8DFF3 /* LaunchScreen.storyboard in Resources */,
				F13ED5E31DDED4E000F8DFF3 /* Assets.xcassets in Resources */,
				F13ED5E11DDED4E000F8DFF3 /* Main.storyboard in Resources */,
			);
			runOnlyForDeploymentPostprocessing = 0;
		};
/* End PBXResourcesBuildPhase section */

/* Begin PBXSourcesBuildPhase section */
		F13ED5CF1DDED4E000F8DFF3 /* Sources */ = {
			isa = PBXSourcesBuildPhase;
			buildActionMask = 2147483647;
			files = (
				F13ED5DE1DDED4E000F8DFF3 /* ViewController.m in Sources */,
				F13ED5F01DDED51900F8DFF3 /* VReuseScrollView.m in Sources */,
				F13ED5DB1DDED4E000F8DFF3 /* AppDelegate.m in Sources */,
				F13ED5D81DDED4E000F8DFF3 /* main.m in Sources */,
				F13ED5F31DDED56000F8DFF3 /* PageView.m in Sources */,
			);
			runOnlyForDeploymentPostprocessing = 0;
		};
/* End PBXSourcesBuildPhase section */

/* Begin PBXVariantGroup section */
		F13ED5DF1DDED4E000F8DFF3 /* Main.storyboard */ = {
			isa = PBXVariantGroup;
			children = (
				F13ED5E01DDED4E000F8DFF3 /* Base */,
			);
			name = Main.storyboard;
			sourceTree = "<group>";
		};
		F13ED5E41DDED4E000F8DFF3 /* LaunchScreen.storyboard */ = {
			isa = PBXVariantGroup;
			children = (
				F13ED5E51DDED4E000F8DFF3 /* Base */,
			);
			name = LaunchScreen.storyboard;
			sourceTree = "<group>";
		};
/* End PBXVariantGroup section */

/* Begin XCBuildConfiguration section */
		F13ED5E81DDED4E000F8DFF3 /* Debug */ = {
			isa = XCBuildConfiguration;
			buildSettings = {
				ALWAYS_SEARCH_USER_PATHS = NO;
				CLANG_ANALYZER_NONNULL = YES;
				CLANG_CXX_LANGUAGE_STANDARD = "gnu++0x";
				CLANG_CXX_LIBRARY = "libc++";
				CLANG_ENABLE_MODULES = YES;
				CLANG_ENABLE_OBJC_ARC = YES;
				CLANG_WARN_BOOL_CONVERSION = YES;
				CLANG_WARN_CONSTANT_CONVERSION = YES;
				CLANG_WARN_DIRECT_OBJC_ISA_USAGE = YES_ERROR;
				CLANG_WARN_DOCUMENTATION_COMMENTS = YES;
				CLANG_WARN_EMPTY_BODY = YES;
				CLANG_WARN_ENUM_CONVERSION = YES;
				CLANG_WARN_INFINITE_RECURSION = YES;
				CLANG_WARN_INT_CONVERSION = YES;
				CLANG_WARN_OBJC_ROOT_CLASS = YES_ERROR;
				CLANG_WARN_SUSPICIOUS_MOVES = YES;
				CLANG_WARN_UNREACHABLE_CODE = YES;
				CLANG_WARN__DUPLICATE_METHOD_MATCH = YES;
				"CODE_SIGN_IDENTITY[sdk=iphoneos*]" = "iPhone Developer";
				COPY_PHASE_STRIP = NO;
				DEBUG_INFORMATION_FORMAT = dwarf;
				ENABLE_STRICT_OBJC_MSGSEND = YES;
				ENABLE_TESTABILITY = YES;
				GCC_C_LANGUAGE_STANDARD = gnu99;
				GCC_DYNAMIC_NO_PIC = NO;
				GCC_NO_COMMON_BLOCKS = YES;
				GCC_OPTIMIZATION_LEVEL = 0;
				GCC_PREPROCESSOR_DEFINITIONS = (
					"DEBUG=1",
					"$(inherited)",
				);
				GCC_WARN_64_TO_32_BIT_CONVERSION = YES;
				GCC_WARN_ABOUT_RETURN_TYPE = YES_ERROR;
				GCC_WARN_UNDECLARED_SELECTOR = YES;
				GCC_WARN_UNINITIALIZED_AUTOS = YES_AGGRESSIVE;
				GCC_WARN_UNUSED_FUNCTION = YES;
				GCC_WARN_UNUSED_VARIABLE = YES;
				IPHONEOS_DEPLOYMENT_TARGET = 10.1;
				MTL_ENABLE_DEBUG_INFO = YES;
				ONLY_ACTIVE_ARCH = YES;
				SDKROOT = iphoneos;
			};
			name = Debug;
		};
		F13ED5E91DDED4E000F8DFF3 /* Release */ = {
			isa = XCBuildConfiguration;
			buildSettings = {
				ALWAYS_SEARCH_USER_PATHS = NO;
				CLANG_ANALYZER_NONNULL = YES;
				CLANG_CXX_LANGUAGE_STANDARD = "gnu++0x";
				CLANG_CXX_LIBRARY = "libc++";
				CLANG_ENABLE_MODULES = YES;
				CLANG_ENABLE_OBJC_ARC = YES;
				CLANG_WARN_BOOL_CONVERSION = YES;
				CLANG_WARN_CONSTANT_CONVERSION = YES;
				CLANG_WARN_DIRECT_OBJC_ISA_USAGE = YES_ERROR;
				CLANG_WARN_DOCUMENTATION_COMMENTS = YES;
				CLANG_WARN_EMPTY_BODY = YES;
				CLANG_WARN_ENUM_CONVERSION = YES;
				CLANG_WARN_INFINITE_RECURSION = YES;
				CLANG_WARN_INT_CONVERSION = YES;
				CLANG_WARN_OBJC_ROOT_CLASS = YES_ERROR;
				CLANG_WARN_SUSPICIOUS_MOVES = YES;
				CLANG_WARN_UNREACHABLE_CODE = YES;
				CLANG_WARN__DUPLICATE_METHOD_MATCH = YES;
				"CODE_SIGN_IDENTITY[sdk=iphoneos*]" = "iPhone Developer";
				COPY_PHASE_STRIP = NO;
				DEBUG_INFORMATION_FORMAT = "dwarf-with-dsym";
				ENABLE_NS_ASSERTIONS = NO;
				ENABLE_STRICT_OBJC_MSGSEND = YES;
				GCC_C_LANGUAGE_STANDARD = gnu99;
				GCC_NO_COMMON_BLOCKS = YES;
				GCC_WARN_64_TO_32_BIT_CONVERSION = YES;
				GCC_WARN_ABOUT_RETURN_TYPE = YES_ERROR;
				GCC_WARN_UNDECLARED_SELECTOR = YES;
				GCC_WARN_UNINITIALIZED_AUTOS = YES_AGGRESSIVE;
				GCC_WARN_UNUSED_FUNCTION = YES;
				GCC_WARN_UNUSED_VARIABLE = YES;
				IPHONEOS_DEPLOYMENT_TARGET = 10.1;
				MTL_ENABLE_DEBUG_INFO = NO;
				SDKROOT = iphoneos;
				VALIDATE_PRODUCT = YES;
			};
			name = Release;
		};
		F13ED5EB1DDED4E000F8DFF3 /* Debug */ = {
			isa = XCBuildConfiguration;
			buildSettings = {
				ASSETCATALOG_COMPILER_APPICON_NAME = AppIcon;
				DEVELOPMENT_TEAM = "";
				INFOPLIST_FILE = ReuseScrollView/Info.plist;
				LD_RUNPATH_SEARCH_PATHS = "$(inherited) @executable_path/Frameworks";
				PRODUCT_BUNDLE_IDENTIFIER = com.vols.ReuseScrollView;
				PRODUCT_NAME = "$(TARGET_NAME)";
			};
			name = Debug;
		};
		F13ED5EC1DDED4E000F8DFF3 /* Release */ = {
			isa = XCBuildConfiguration;
			buildSettings = {
				ASSETCATALOG_COMPILER_APPICON_NAME = AppIcon;
				DEVELOPMENT_TEAM = "";
				INFOPLIST_FILE = ReuseScrollView/Info.plist;
				LD_RUNPATH_SEARCH_PATHS = "$(inherited) @executable_path/Frameworks";
				PRODUCT_BUNDLE_IDENTIFIER = com.vols.ReuseScrollView;
				PRODUCT_NAME = "$(TARGET_NAME)";
			};
			name = Release;
		};
/* End XCBuildConfiguration section */

/* Begin XCConfigurationList section */
		F13ED5CE1DDED4E000F8DFF3 /* Build configuration list for PBXProject "ReuseScrollView" */ = {
			isa = XCConfigurationList;
			buildConfigurations = (
				F13ED5E81DDED4E000F8DFF3 /* Debug */,
				F13ED5E91DDED4E000F8DFF3 /* Release */,
			);
			defaultConfigurationIsVisible = 0;
			defaultConfigurationName = Release;
		};
		F13ED5EA1DDED4E000F8DFF3 /* Build configuration list for PBXNativeTarget "ReuseScrollView" */ = {
			isa = XCConfigurationList;
			buildConfigurations = (
				F13ED5EB1DDED4E000F8DFF3 /* Debug */,
				F13ED5EC1DDED4E000F8DFF3 /* Release */,
			);
			defaultConfigurationIsVisible = 0;
			defaultConfigurationName = Release;
		};
/* End XCConfigurationList section */
	};
	rootObject = F13ED5CB1DDED4E000F8DFF3 /* Project object */;
}
